
Microsoft Visual Studio Solution File, Format Version 12.00
# Visual Studio Version 17
VisualStudioVersion = 17.7.34202.233
MinimumVisualStudioVersion = 10.0.40219.1
Project("{FAE04EC0-301F-11D3-BF4B-00C04F79EFBC}") = "FizzBuzzTask", "FizzBuzzTask\FizzBuzzTask.csproj", "{8871693D-5795-498E-8099-68D6F93B4B66}"
EndProject
Project("{FAE04EC0-301F-11D3-BF4B-00C04F79EFBC}") = "FizzBuzzTask.Tests", "FizzBuzzTask.Tests\FizzBuzzTask.Tests.csproj", "{11355292-ACF5-4B33-8A95-61613CF63E3A}"
EndProject
Global
	GlobalSection(SolutionConfigurationPlatforms) = preSolution
		Debug|Any CPU = Debug|Any CPU
		Release|Any CPU = Release|Any CPU
	EndGlobalSection
	GlobalSection(ProjectConfigurationPlatforms) = postSolution
		{8871693D-5795-498E-8099-68D6F93B4B66}.Debug|Any CPU.ActiveCfg = Debug|Any CPU
		{8871693D-5795-498E-8099-68D6F93B4B66}.Debug|Any CPU.Build.0 = Debug|Any CPU
		{8871693D-5795-498E-8099-68D6F93B4B66}.Release|Any CPU.ActiveCfg = Release|Any CPU
		{8871693D-5795-498E-8099-68D6F93B4B66}.Release|Any CPU.Build.0 = Release|Any CPU
		{11355292-ACF5-4B33-8A95-61613CF63E3A}.Debug|Any CPU.ActiveCfg = Debug|Any CPU
		{11355292-ACF5-4B33-8A95-61613CF63E3A}.Debug|Any CPU.Build.0 = Debug|Any CPU
		{11355292-ACF5-4B33-8A95-61613CF63E3A}.Release|Any CPU.ActiveCfg = Release|Any CPU
		{11355292-ACF5-4B33-8A95-61613CF63E3A}.Release|Any CPU.Build.0 = Release|Any CPU
	EndGlobalSection
	GlobalSection(SolutionProperties) = preSolution
		HideSolutionNode = FALSE
	EndGlobalSection
	GlobalSection(ExtensibilityGlobals) = postSolution
		SolutionGuid = {57183B7B-E0BF-431C-8A6D-09610D0DCCAD}
	EndGlobalSection
EndGlobal
